
Microsoft Visual Studio Solution File, Format Version 11.00
# Visual Studio 2010
Project("{FAE04EC0-301F-11D3-BF4B-00C04F79EFBC}") = "GameMain", "GameMain.csproj", "{1c1dd7d1-9f7d-3eab-1c48-ff08a04d007c}"
EndProject
Project("{FAE04EC0-301F-11D3-BF4B-00C04F79EFBC}") = "Libraries", "Libraries.csproj", "{8092c10e-de55-fe06-baa6-813fe7494e0f}"
EndProject
Project("{FAE04EC0-301F-11D3-BF4B-00C04F79EFBC}") = "EPloy", "EPloy.csproj", "{44d596f6-9a6d-ece8-0a85-3e8bfe720cb0}"
EndProject
Project("{FAE04EC0-301F-11D3-BF4B-00C04F79EFBC}") = "EPloy.Editor", "EPloy.Editor.csproj", "{43c6d896-26a1-98ca-5a18-e38ce1b3e953}"
EndProject
Global
	GlobalSection(SolutionConfigurationPlatforms) = preSolution
		Debug|Any CPU = Debug|Any CPU
		Release|Any CPU = Release|Any CPU
	EndGlobalSection
	GlobalSection(ProjectConfigurationPlatforms) = postSolution
		{1c1dd7d1-9f7d-3eab-1c48-ff08a04d007c}.Debug|Any CPU.ActiveCfg = Debug|Any CPU
		{1c1dd7d1-9f7d-3eab-1c48-ff08a04d007c}.Debug|Any CPU.Build.0 = Debug|Any CPU
		{1c1dd7d1-9f7d-3eab-1c48-ff08a04d007c}.Release|Any CPU.ActiveCfg = Release|Any CPU
		{1c1dd7d1-9f7d-3eab-1c48-ff08a04d007c}.Release|Any CPU.Build.0 = Release|Any CPU
		{8092c10e-de55-fe06-baa6-813fe7494e0f}.Debug|Any CPU.ActiveCfg = Debug|Any CPU
		{8092c10e-de55-fe06-baa6-813fe7494e0f}.Debug|Any CPU.Build.0 = Debug|Any CPU
		{8092c10e-de55-fe06-baa6-813fe7494e0f}.Release|Any CPU.ActiveCfg = Release|Any CPU
		{8092c10e-de55-fe06-baa6-813fe7494e0f}.Release|Any CPU.Build.0 = Release|Any CPU
		{44d596f6-9a6d-ece8-0a85-3e8bfe720cb0}.Debug|Any CPU.ActiveCfg = Debug|Any CPU
		{44d596f6-9a6d-ece8-0a85-3e8bfe720cb0}.Debug|Any CPU.Build.0 = Debug|Any CPU
		{44d596f6-9a6d-ece8-0a85-3e8bfe720cb0}.Release|Any CPU.ActiveCfg = Release|Any CPU
		{44d596f6-9a6d-ece8-0a85-3e8bfe720cb0}.Release|Any CPU.Build.0 = Release|Any CPU
		{43c6d896-26a1-98ca-5a18-e38ce1b3e953}.Debug|Any CPU.ActiveCfg = Debug|Any CPU
		{43c6d896-26a1-98ca-5a18-e38ce1b3e953}.Debug|Any CPU.Build.0 = Debug|Any CPU
		{43c6d896-26a1-98ca-5a18-e38ce1b3e953}.Release|Any CPU.ActiveCfg = Release|Any CPU
		{43c6d896-26a1-98ca-5a18-e38ce1b3e953}.Release|Any CPU.Build.0 = Release|Any CPU
	EndGlobalSection
	GlobalSection(SolutionProperties) = preSolution
		HideSolutionNode = FALSE
	EndGlobalSection
EndGlobal
