
Microsoft Visual Studio Solution File, Format Version 11.00
# Visual Studio 2010
Project("{FAE04EC0-301F-11D3-BF4B-00C04F79EFBC}") = "EPloy", "EPloy.csproj", "{F696D544-6D9A-E8EC-0A85-3E8BFE720CB0}"
EndProject
Project("{FAE04EC0-301F-11D3-BF4B-00C04F79EFBC}") = "EPloy.Editor", "EPloy.Editor.csproj", "{96D8C643-A126-CA98-5A18-E38CE1B3E953}"
EndProject
Global
	GlobalSection(SolutionConfigurationPlatforms) = preSolution
		Debug|Any CPU = Debug|Any CPU
		Release|Any CPU = Release|Any CPU
	EndGlobalSection
	GlobalSection(ProjectConfigurationPlatforms) = postSolution
		{F696D544-6D9A-E8EC-0A85-3E8BFE720CB0}.Debug|Any CPU.ActiveCfg = Debug|Any CPU
		{F696D544-6D9A-E8EC-0A85-3E8BFE720CB0}.Debug|Any CPU.Build.0 = Debug|Any CPU
		{F696D544-6D9A-E8EC-0A85-3E8BFE720CB0}.Release|Any CPU.ActiveCfg = Release|Any CPU
		{F696D544-6D9A-E8EC-0A85-3E8BFE720CB0}.Release|Any CPU.Build.0 = Release|Any CPU
		{96D8C643-A126-CA98-5A18-E38CE1B3E953}.Debug|Any CPU.ActiveCfg = Debug|Any CPU
		{96D8C643-A126-CA98-5A18-E38CE1B3E953}.Debug|Any CPU.Build.0 = Debug|Any CPU
		{96D8C643-A126-CA98-5A18-E38CE1B3E953}.Release|Any CPU.ActiveCfg = Release|Any CPU
		{96D8C643-A126-CA98-5A18-E38CE1B3E953}.Release|Any CPU.Build.0 = Release|Any CPU
	EndGlobalSection
	GlobalSection(SolutionProperties) = preSolution
		HideSolutionNode = FALSE
	EndGlobalSection
EndGlobal
