
Microsoft Visual Studio Solution File, Format Version 12.00
# Visual Studio 15
Project("{FAE04EC0-301F-11D3-BF4B-00C04F79EFBC}") = "Libraries", "Libraries.csproj", "{BEC3D633-DF29-0541-7F0C-2CEFD49B26DE}"
EndProject
Project("{FAE04EC0-301F-11D3-BF4B-00C04F79EFBC}") = "EPloy.Game", "EPloy.Game.csproj", "{FAAADD1C-8EAA-42D8-EA87-58F0A175F06D}"
EndProject
Project("{FAE04EC0-301F-11D3-BF4B-00C04F79EFBC}") = "EPloy.Hotfix", "EPloy.Hotfix.csproj", "{0191DD03-851E-04A1-7BF8-CF444E103EAD}"
EndProject
Project("{FAE04EC0-301F-11D3-BF4B-00C04F79EFBC}") = "Assembly-CSharp-Editor", "Assembly-CSharp-Editor.csproj", "{B6F361BA-ED68-8767-2E0A-D247377AA7AF}"
EndProject
Global
	GlobalSection(SolutionConfigurationPlatforms) = preSolution
		Debug|Any CPU = Debug|Any CPU
		Release|Any CPU = Release|Any CPU
	EndGlobalSection
	GlobalSection(ProjectConfigurationPlatforms) = postSolution
		{BEC3D633-DF29-0541-7F0C-2CEFD49B26DE}.Debug|Any CPU.ActiveCfg = Debug|Any CPU
		{BEC3D633-DF29-0541-7F0C-2CEFD49B26DE}.Debug|Any CPU.Build.0 = Debug|Any CPU
		{BEC3D633-DF29-0541-7F0C-2CEFD49B26DE}.Release|Any CPU.ActiveCfg = Release|Any CPU
		{BEC3D633-DF29-0541-7F0C-2CEFD49B26DE}.Release|Any CPU.Build.0 = Release|Any CPU
		{FAAADD1C-8EAA-42D8-EA87-58F0A175F06D}.Debug|Any CPU.ActiveCfg = Debug|Any CPU
		{FAAADD1C-8EAA-42D8-EA87-58F0A175F06D}.Debug|Any CPU.Build.0 = Debug|Any CPU
		{FAAADD1C-8EAA-42D8-EA87-58F0A175F06D}.Release|Any CPU.ActiveCfg = Release|Any CPU
		{FAAADD1C-8EAA-42D8-EA87-58F0A175F06D}.Release|Any CPU.Build.0 = Release|Any CPU
		{0191DD03-851E-04A1-7BF8-CF444E103EAD}.Debug|Any CPU.ActiveCfg = Debug|Any CPU
		{0191DD03-851E-04A1-7BF8-CF444E103EAD}.Debug|Any CPU.Build.0 = Debug|Any CPU
		{0191DD03-851E-04A1-7BF8-CF444E103EAD}.Release|Any CPU.ActiveCfg = Release|Any CPU
		{0191DD03-851E-04A1-7BF8-CF444E103EAD}.Release|Any CPU.Build.0 = Release|Any CPU
		{B6F361BA-ED68-8767-2E0A-D247377AA7AF}.Debug|Any CPU.ActiveCfg = Debug|Any CPU
		{B6F361BA-ED68-8767-2E0A-D247377AA7AF}.Debug|Any CPU.Build.0 = Debug|Any CPU
		{B6F361BA-ED68-8767-2E0A-D247377AA7AF}.Release|Any CPU.ActiveCfg = Release|Any CPU
		{B6F361BA-ED68-8767-2E0A-D247377AA7AF}.Release|Any CPU.Build.0 = Release|Any CPU
	EndGlobalSection
	GlobalSection(SolutionProperties) = preSolution
		HideSolutionNode = FALSE
	EndGlobalSection
EndGlobal
